// !$*UTF8*$!
{
	archiveVersion = 1;
	classes = {
	};
	objectVersion = 50;
	objects = {

/* Begin PBXBuildFile section */
		262542922389ACBC0041F3D9 /* AppDelegate.swift in Sources */ = {isa = PBXBuildFile; fileRef = 262542912389ACBC0041F3D9 /* AppDelegate.swift */; };
		262542942389ACBC0041F3D9 /* ContentView.swift in Sources */ = {isa = PBXBuildFile; fileRef = 262542932389ACBC0041F3D9 /* ContentView.swift */; };
		262542962389ACC00041F3D9 /* Assets.xcassets in Resources */ = {isa = PBXBuildFile; fileRef = 262542952389ACC00041F3D9 /* Assets.xcassets */; };
		262542992389ACC00041F3D9 /* Preview Assets.xcassets in Resources */ = {isa = PBXBuildFile; fileRef = 262542982389ACC00041F3D9 /* Preview Assets.xcassets */; };
		2625429C2389ACC00041F3D9 /* Main.storyboard in Resources */ = {isa = PBXBuildFile; fileRef = 2625429A2389ACC00041F3D9 /* Main.storyboard */; };
		262542A52389E02B0041F3D9 /* PickerSettings.swift in Sources */ = {isa = PBXBuildFile; fileRef = 262542A42389E02B0041F3D9 /* PickerSettings.swift */; };
/* End PBXBuildFile section */

/* Begin PBXFileReference section */
		2625428E2389ACBC0041F3D9 /* ColorMenu.app */ = {isa = PBXFileReference; explicitFileType = wrapper.application; includeInIndex = 0; path = ColorMenu.app; sourceTree = BUILT_PRODUCTS_DIR; };
		262542912389ACBC0041F3D9 /* AppDelegate.swift */ = {isa = PBXFileReference; lastKnownFileType = sourcecode.swift; path = AppDelegate.swift; sourceTree = "<group>"; };
		262542932389ACBC0041F3D9 /* ContentView.swift */ = {isa = PBXFileReference; lastKnownFileType = sourcecode.swift; path = ContentView.swift; sourceTree = "<group>"; };
		262542952389ACC00041F3D9 /* Assets.xcassets */ = {isa = PBXFileReference; lastKnownFileType = folder.assetcatalog; path = Assets.xcassets; sourceTree = "<group>"; };
		262542982389ACC00041F3D9 /* Preview Assets.xcassets */ = {isa = PBXFileReference; lastKnownFileType = folder.assetcatalog; path = "Preview Assets.xcassets"; sourceTree = "<group>"; };
		2625429B2389ACC00041F3D9 /* Base */ = {isa = PBXFileReference; lastKnownFileType = file.storyboard; name = Base; path = Base.lproj/Main.storyboard; sourceTree = "<group>"; };
		2625429D2389ACC00041F3D9 /* Info.plist */ = {isa = PBXFileReference; lastKnownFileType = text.plist.xml; path = Info.plist; sourceTree = "<group>"; };
		2625429E2389ACC00041F3D9 /* ColorMenu.entitlements */ = {isa = PBXFileReference; lastKnownFileType = text.plist.entitlements; path = ColorMenu.entitlements; sourceTree = "<group>"; };
		262542A42389E02B0041F3D9 /* PickerSettings.swift */ = {isa = PBXFileReference; lastKnownFileType = sourcecode.swift; path = PickerSettings.swift; sourceTree = "<group>"; };
/* End PBXFileReference section */

/* Begin PBXFrameworksBuildPhase section */
		2625428B2389ACBC0041F3D9 /* Frameworks */ = {
			isa = PBXFrameworksBuildPhase;
			buildActionMask = 2147483647;
			files = (
			);
			runOnlyForDeploymentPostprocessing = 0;
		};
/* End PBXFrameworksBuildPhase section */

/* Begin PBXGroup section */
		262542852389ACBC0041F3D9 = {
			isa = PBXGroup;
			children = (
				262542902389ACBC0041F3D9 /* ColorMenu */,
				2625428F2389ACBC0041F3D9 /* Products */,
			);
			sourceTree = "<group>";
		};
		2625428F2389ACBC0041F3D9 /* Products */ = {
			isa = PBXGroup;
			children = (
				2625428E2389ACBC0041F3D9 /* ColorMenu.app */,
			);
			name = Products;
			sourceTree = "<group>";
		};
		262542902389ACBC0041F3D9 /* ColorMenu */ = {
			isa = PBXGroup;
			children = (
				262542912389ACBC0041F3D9 /* AppDelegate.swift */,
				262542932389ACBC0041F3D9 /* ContentView.swift */,
				262542952389ACC00041F3D9 /* Assets.xcassets */,
				2625429A2389ACC00041F3D9 /* Main.storyboard */,
				2625429D2389ACC00041F3D9 /* Info.plist */,
				2625429E2389ACC00041F3D9 /* ColorMenu.entitlements */,
				262542972389ACC00041F3D9 /* Preview Content */,
				262542A42389E02B0041F3D9 /* PickerSettings.swift */,
			);
			path = ColorMenu;
			sourceTree = "<group>";
		};
		262542972389ACC00041F3D9 /* Preview Content */ = {
			isa = PBXGroup;
			children = (
				262542982389ACC00041F3D9 /* Preview Assets.xcassets */,
			);
			path = "Preview Content";
			sourceTree = "<group>";
		};
/* End PBXGroup section */

/* Begin PBXNativeTarget section */
		2625428D2389ACBC0041F3D9 /* ColorMenu */ = {
			isa = PBXNativeTarget;
			buildConfigurationList = 262542A12389ACC00041F3D9 /* Build configuration list for PBXNativeTarget "ColorMenu" */;
			buildPhases = (
				2625428A2389ACBC0041F3D9 /* Sources */,
				2625428B2389ACBC0041F3D9 /* Frameworks */,
				2625428C2389ACBC0041F3D9 /* Resources */,
			);
			buildRules = (
			);
			dependencies = (
			);
			name = ColorMenu;
			productName = ColorMenu;
			productReference = 2625428E2389ACBC0041F3D9 /* ColorMenu.app */;
			productType = "com.apple.product-type.application";
		};
/* End PBXNativeTarget section */

/* Begin PBXProject section */
		262542862389ACBC0041F3D9 /* Project object */ = {
			isa = PBXProject;
			attributes = {
				LastSwiftUpdateCheck = 1120;
				LastUpgradeCheck = 1120;
				ORGANIZATIONNAME = "Carson Katri";
				TargetAttributes = {
					2625428D2389ACBC0041F3D9 = {
						CreatedOnToolsVersion = 11.2.1;
					};
				};
			};
			buildConfigurationList = 262542892389ACBC0041F3D9 /* Build configuration list for PBXProject "ColorMenu" */;
			compatibilityVersion = "Xcode 9.3";
			developmentRegion = en;
			hasScannedForEncodings = 0;
			knownRegions = (
				en,
				Base,
			);
			mainGroup = 262542852389ACBC0041F3D9;
			productRefGroup = 2625428F2389ACBC0041F3D9 /* Products */;
			projectDirPath = "";
			projectRoot = "";
			targets = (
				2625428D2389ACBC0041F3D9 /* ColorMenu */,
			);
		};
/* End PBXProject section */

/* Begin PBXResourcesBuildPhase section */
		2625428C2389ACBC0041F3D9 /* Resources */ = {
			isa = PBXResourcesBuildPhase;
			buildActionMask = 2147483647;
			files = (
				2625429C2389ACC00041F3D9 /* Main.storyboard in Resources */,
				262542992389ACC00041F3D9 /* Preview Assets.xcassets in Resources */,
				262542962389ACC00041F3D9 /* Assets.xcassets in Resources */,
			);
			runOnlyForDeploymentPostprocessing = 0;
		};
/* End PBXResourcesBuildPhase section */

/* Begin PBXSourcesBuildPhase section */
		2625428A2389ACBC0041F3D9 /* Sources */ = {
			isa = PBXSourcesBuildPhase;
			buildActionMask = 2147483647;
			files = (
				262542A52389E02B0041F3D9 /* PickerSettings.swift in Sources */,
				262542942389ACBC0041F3D9 /* ContentView.swift in Sources */,
				262542922389ACBC0041F3D9 /* AppDelegate.swift in Sources */,
			);
			runOnlyForDeploymentPostprocessing = 0;
		};
/* End PBXSourcesBuildPhase section */

/* Begin PBXVariantGroup section */
		2625429A2389ACC00041F3D9 /* Main.storyboard */ = {
			isa = PBXVariantGroup;
			children = (
				2625429B2389ACC00041F3D9 /* Base */,
			);
			name = Main.storyboard;
			sourceTree = "<group>";
		};
/* End PBXVariantGroup section */

/* Begin XCBuildConfiguration section */
		2625429F2389ACC00041F3D9 /* Debug */ = {
			isa = XCBuildConfiguration;
			buildSettings = {
				ALWAYS_SEARCH_USER_PATHS = NO;
				CLANG_ANALYZER_NONNULL = YES;
				CLANG_ANALYZER_NUMBER_OBJECT_CONVERSION = YES_AGGRESSIVE;
				CLANG_CXX_LANGUAGE_STANDARD = "gnu++14";
				CLANG_CXX_LIBRARY = "libc++";
				CLANG_ENABLE_MODULES = YES;
				CLANG_ENABLE_OBJC_ARC = YES;
				CLANG_ENABLE_OBJC_WEAK = YES;
				CLANG_WARN_BLOCK_CAPTURE_AUTORELEASING = YES;
				CLANG_WARN_BOOL_CONVERSION = YES;
				CLANG_WARN_COMMA = YES;
				CLANG_WARN_CONSTANT_CONVERSION = YES;
				CLANG_WARN_DEPRECATED_OBJC_IMPLEMENTATIONS = YES;
				CLANG_WARN_DIRECT_OBJC_ISA_USAGE = YES_ERROR;
				CLANG_WARN_DOCUMENTATION_COMMENTS = YES;
				CLANG_WARN_EMPTY_BODY = YES;
				CLANG_WARN_ENUM_CONVERSION = YES;
				CLANG_WARN_INFINITE_RECURSION = YES;
				CLANG_WARN_INT_CONVERSION = YES;
				CLANG_WARN_NON_LITERAL_NULL_CONVERSION = YES;
				CLANG_WARN_OBJC_IMPLICIT_RETAIN_SELF = YES;
				CLANG_WARN_OBJC_LITERAL_CONVERSION = YES;
				CLANG_WARN_OBJC_ROOT_CLASS = YES_ERROR;
				CLANG_WARN_RANGE_LOOP_ANALYSIS = YES;
				CLANG_WARN_STRICT_PROTOTYPES = YES;
				CLANG_WARN_SUSPICIOUS_MOVE = YES;
				CLANG_WARN_UNGUARDED_AVAILABILITY = YES_AGGRESSIVE;
				CLANG_WARN_UNREACHABLE_CODE = YES;
				CLANG_WARN__DUPLICATE_METHOD_MATCH = YES;
				COPY_PHASE_STRIP = NO;
				DEBUG_INFORMATION_FORMAT = dwarf;
				ENABLE_STRICT_OBJC_MSGSEND = YES;
				ENABLE_TESTABILITY = YES;
				GCC_C_LANGUAGE_STANDARD = gnu11;
				GCC_DYNAMIC_NO_PIC = NO;
				GCC_NO_COMMON_BLOCKS = YES;
				GCC_OPTIMIZATION_LEVEL = 0;
				GCC_PREPROCESSOR_DEFINITIONS = (
					"DEBUG=1",
					"$(inherited)",
				);
				GCC_WARN_64_TO_32_BIT_CONVERSION = YES;
				GCC_WARN_ABOUT_RETURN_TYPE = YES_ERROR;
				GCC_WARN_UNDECLARED_SELECTOR = YES;
				GCC_WARN_UNINITIALIZED_AUTOS = YES_AGGRESSIVE;
				GCC_WARN_UNUSED_FUNCTION = YES;
				GCC_WARN_UNUSED_VARIABLE = YES;
				MACOSX_DEPLOYMENT_TARGET = 10.15;
				MTL_ENABLE_DEBUG_INFO = INCLUDE_SOURCE;
				MTL_FAST_MATH = YES;
				ONLY_ACTIVE_ARCH = YES;
				SDKROOT = macosx;
				SWIFT_ACTIVE_COMPILATION_CONDITIONS = DEBUG;
				SWIFT_OPTIMIZATION_LEVEL = "-Onone";
			};
			name = Debug;
		};
		262542A02389ACC00041F3D9 /* Release */ = {
			isa = XCBuildConfiguration;
			buildSettings = {
				ALWAYS_SEARCH_USER_PATHS = NO;
				CLANG_ANALYZER_NONNULL = YES;
				CLANG_ANALYZER_NUMBER_OBJECT_CONVERSION = YES_AGGRESSIVE;
				CLANG_CXX_LANGUAGE_STANDARD = "gnu++14";
				CLANG_CXX_LIBRARY = "libc++";
				CLANG_ENABLE_MODULES = YES;
				CLANG_ENABLE_OBJC_ARC = YES;
				CLANG_ENABLE_OBJC_WEAK = YES;
				CLANG_WARN_BLOCK_CAPTURE_AUTORELEASING = YES;
				CLANG_WARN_BOOL_CONVERSION = YES;
				CLANG_WARN_COMMA = YES;
				CLANG_WARN_CONSTANT_CONVERSION = YES;
				CLANG_WARN_DEPRECATED_OBJC_IMPLEMENTATIONS = YES;
				CLANG_WARN_DIRECT_OBJC_ISA_USAGE = YES_ERROR;
				CLANG_WARN_DOCUMENTATION_COMMENTS = YES;
				CLANG_WARN_EMPTY_BODY = YES;
				CLANG_WARN_ENUM_CONVERSION = YES;
				CLANG_WARN_INFINITE_RECURSION = YES;
				CLANG_WARN_INT_CONVERSION = YES;
				CLANG_WARN_NON_LITERAL_NULL_CONVERSION = YES;
				CLANG_WARN_OBJC_IMPLICIT_RETAIN_SELF = YES;
				CLANG_WARN_OBJC_LITERAL_CONVERSION = YES;
				CLANG_WARN_OBJC_ROOT_CLASS = YES_ERROR;
				CLANG_WARN_RANGE_LOOP_ANALYSIS = YES;
				CLANG_WARN_STRICT_PROTOTYPES = YES;
				CLANG_WARN_SUSPICIOUS_MOVE = YES;
				CLANG_WARN_UNGUARDED_AVAILABILITY = YES_AGGRESSIVE;
				CLANG_WARN_UNREACHABLE_CODE = YES;
				CLANG_WARN__DUPLICATE_METHOD_MATCH = YES;
				COPY_PHASE_STRIP = NO;
				DEBUG_INFORMATION_FORMAT = "dwarf-with-dsym";
				ENABLE_NS_ASSERTIONS = NO;
				ENABLE_STRICT_OBJC_MSGSEND = YES;
				GCC_C_LANGUAGE_STANDARD = gnu11;
				GCC_NO_COMMON_BLOCKS = YES;
				GCC_WARN_64_TO_32_BIT_CONVERSION = YES;
				GCC_WARN_ABOUT_RETURN_TYPE = YES_ERROR;
				GCC_WARN_UNDECLARED_SELECTOR = YES;
				GCC_WARN_UNINITIALIZED_AUTOS = YES_AGGRESSIVE;
				GCC_WARN_UNUSED_FUNCTION = YES;
				GCC_WARN_UNUSED_VARIABLE = YES;
				MACOSX_DEPLOYMENT_TARGET = 10.15;
				MTL_ENABLE_DEBUG_INFO = NO;
				MTL_FAST_MATH = YES;
				SDKROOT = macosx;
				SWIFT_COMPILATION_MODE = wholemodule;
				SWIFT_OPTIMIZATION_LEVEL = "-O";
			};
			name = Release;
		};
		262542A22389ACC00041F3D9 /* Debug */ = {
			isa = XCBuildConfiguration;
			buildSettings = {
				ASSETCATALOG_COMPILER_APPICON_NAME = AppIcon;
				CODE_SIGN_ENTITLEMENTS = ColorMenu/ColorMenu.entitlements;
				CODE_SIGN_STYLE = Automatic;
				COMBINE_HIDPI_IMAGES = YES;
				DEVELOPMENT_ASSET_PATHS = "\"ColorMenu/Preview Content\"";
				DEVELOPMENT_TEAM = FH9CW55WY5;
				ENABLE_HARDENED_RUNTIME = YES;
				ENABLE_PREVIEWS = YES;
				INFOPLIST_FILE = ColorMenu/Info.plist;
				LD_RUNPATH_SEARCH_PATHS = (
					"$(inherited)",
					"@executable_path/../Frameworks",
				);
				MACOSX_DEPLOYMENT_TARGET = 10.15;
				PRODUCT_BUNDLE_IDENTIFIER = com.carsonkatri.ColorMenu;
				PRODUCT_NAME = "$(TARGET_NAME)";
				SWIFT_VERSION = 5.0;
			};
			name = Debug;
		};
		262542A32389ACC00041F3D9 /* Release */ = {
			isa = XCBuildConfiguration;
			buildSettings = {
				ASSETCATALOG_COMPILER_APPICON_NAME = AppIcon;
				CODE_SIGN_ENTITLEMENTS = ColorMenu/ColorMenu.entitlements;
				CODE_SIGN_STYLE = Automatic;
				COMBINE_HIDPI_IMAGES = YES;
				DEVELOPMENT_ASSET_PATHS = "\"ColorMenu/Preview Content\"";
				DEVELOPMENT_TEAM = FH9CW55WY5;
				ENABLE_HARDENED_RUNTIME = YES;
				ENABLE_PREVIEWS = YES;
				INFOPLIST_FILE = ColorMenu/Info.plist;
				LD_RUNPATH_SEARCH_PATHS = (
					"$(inherited)",
					"@executable_path/../Frameworks",
				);
				MACOSX_DEPLOYMENT_TARGET = 10.15;
				PRODUCT_BUNDLE_IDENTIFIER = com.carsonkatri.ColorMenu;
				PRODUCT_NAME = "$(TARGET_NAME)";
				SWIFT_VERSION = 5.0;
			};
			name = Release;
		};
/* End XCBuildConfiguration section */

/* Begin XCConfigurationList section */
		262542892389ACBC0041F3D9 /* Build configuration list for PBXProject "ColorMenu" */ = {
			isa = XCConfigurationList;
			buildConfigurations = (
				2625429F2389ACC00041F3D9 /* Debug */,
				262542A02389ACC00041F3D9 /* Release */,
			);
			defaultConfigurationIsVisible = 0;
			defaultConfigurationName = Release;
		};
		262542A12389ACC00041F3D9 /* Build configuration list for PBXNativeTarget "ColorMenu" */ = {
			isa = XCConfigurationList;
			buildConfigurations = (
				262542A22389ACC00041F3D9 /* Debug */,
				262542A32389ACC00041F3D9 /* Release */,
			);
			defaultConfigurationIsVisible = 0;
			defaultConfigurationName = Release;
		};
/* End XCConfigurationList section */
	};
	rootObject = 262542862389ACBC0041F3D9 /* Project object */;
}
